// !$*UTF8*$!
{
	archiveVersion = 1;
	classes = {
	};
	objectVersion = 46;
	objects = {

/* Begin PBXBuildFile section */
		2625644E1E6D382800479819 /* main.m in Sources */ = {isa = PBXBuildFile; fileRef = 2625644D1E6D382800479819 /* main.m */; };
		262564511E6D382800479819 /* AppDelegate.m in Sources */ = {isa = PBXBuildFile; fileRef = 262564501E6D382800479819 /* AppDelegate.m */; };
		262564561E6D382800479819 /* GameViewController.m in Sources */ = {isa = PBXBuildFile; fileRef = 262564551E6D382800479819 /* GameViewController.m */; };
		2625645B1E6D382800479819 /* Assets.xcassets in Resources */ = {isa = PBXBuildFile; fileRef = 2625645A1E6D382800479819 /* Assets.xcassets */; };
		2625645E1E6D382800479819 /* LaunchScreen.storyboard in Resources */ = {isa = PBXBuildFile; fileRef = 2625645C1E6D382800479819 /* LaunchScreen.storyboard */; };
		262564691E6D382800479819 /* WZZCutFruitGameTests.m in Sources */ = {isa = PBXBuildFile; fileRef = 262564681E6D382800479819 /* WZZCutFruitGameTests.m */; };
		262564741E6D382800479819 /* WZZCutFruitGameUITests.m in Sources */ = {isa = PBXBuildFile; fileRef = 262564731E6D382800479819 /* WZZCutFruitGameUITests.m */; };
		26E4FDE91E6E7380009867DC /* WZZRandomShape.m in Sources */ = {isa = PBXBuildFile; fileRef = 26E4FDE81E6E7380009867DC /* WZZRandomShape.m */; };
		26E4FDEC1E6EA59E009867DC /* WZZGameHelper.m in Sources */ = {isa = PBXBuildFile; fileRef = 26E4FDEB1E6EA59E009867DC /* WZZGameHelper.m */; };
		26E4FDEE1E6EAE1E009867DC /* GeometryFighter.scnassets in Resources */ = {isa = PBXBuildFile; fileRef = 26E4FDED1E6EAE1E009867DC /* GeometryFighter.scnassets */; };
		71C218AB1E7060A100463335 /* CardboardDeviceParams.mm in Sources */ = {isa = PBXBuildFile; fileRef = 71C2187F1E7060A100463335 /* CardboardDeviceParams.mm */; };
		71C218AC1E7060A100463335 /* CardboardUnity.mm in Sources */ = {isa = PBXBuildFile; fileRef = 71C218811E7060A100463335 /* CardboardUnity.mm */; };
		71C218AD1E7060A100463335 /* Distortion.mm in Sources */ = {isa = PBXBuildFile; fileRef = 71C218831E7060A100463335 /* Distortion.mm */; };
		71C218AE1E7060A100463335 /* DistortionRenderer.mm in Sources */ = {isa = PBXBuildFile; fileRef = 71C218851E7060A100463335 /* DistortionRenderer.mm */; };
		71C218AF1E7060A100463335 /* Eye.mm in Sources */ = {isa = PBXBuildFile; fileRef = 71C218871E7060A100463335 /* Eye.mm */; };
		71C218B01E7060A100463335 /* FieldOfView.mm in Sources */ = {isa = PBXBuildFile; fileRef = 71C218891E7060A100463335 /* FieldOfView.mm */; };
		71C218B11E7060A100463335 /* GLStateBackup.mm in Sources */ = {isa = PBXBuildFile; fileRef = 71C2188B1E7060A100463335 /* GLStateBackup.mm */; };
		71C218B21E7060A100463335 /* HeadMountedDisplay.mm in Sources */ = {isa = PBXBuildFile; fileRef = 71C2188D1E7060A100463335 /* HeadMountedDisplay.mm */; };
		71C218B31E7060A100463335 /* HeadTransform.mm in Sources */ = {isa = PBXBuildFile; fileRef = 71C2188F1E7060A100463335 /* HeadTransform.mm */; };
		71C218B41E7060A100463335 /* ScreenParams.mm in Sources */ = {isa = PBXBuildFile; fileRef = 71C218911E7060A100463335 /* ScreenParams.mm */; };
		71C218B51E7060A100463335 /* HeadTracker.mm in Sources */ = {isa = PBXBuildFile; fileRef = 71C218941E7060A100463335 /* HeadTracker.mm */; };
		71C218B61E7060A100463335 /* Matrix3x3d.mm in Sources */ = {isa = PBXBuildFile; fileRef = 71C218971E7060A100463335 /* Matrix3x3d.mm */; };
		71C218B71E7060A100463335 /* OrientationEKF.mm in Sources */ = {isa = PBXBuildFile; fileRef = 71C218991E7060A100463335 /* OrientationEKF.mm */; };
		71C218B81E7060A100463335 /* SO3Util.mm in Sources */ = {isa = PBXBuildFile; fileRef = 71C2189B1E7060A100463335 /* SO3Util.mm */; };
		71C218B91E7060A100463335 /* Vector3d.mm in Sources */ = {isa = PBXBuildFile; fileRef = 71C2189D1E7060A100463335 /* Vector3d.mm */; };
		71C218BA1E7060A100463335 /* MagnetSensor.mm in Sources */ = {isa = PBXBuildFile; fileRef = 71C2189F1E7060A100463335 /* MagnetSensor.mm */; };
		71C218BB1E7060A100463335 /* Viewport.mm in Sources */ = {isa = PBXBuildFile; fileRef = 71C218A11E7060A100463335 /* Viewport.mm */; };
		71C218BC1E7060A100463335 /* CBDStereoGLView.m in Sources */ = {isa = PBXBuildFile; fileRef = 71C218A41E7060A100463335 /* CBDStereoGLView.m */; };
		71C218BD1E7060A100463335 /* CBDViewController.mm in Sources */ = {isa = PBXBuildFile; fileRef = 71C218A61E7060A100463335 /* CBDViewController.mm */; };
		71C218BE1E7060A100463335 /* GLHelpers.m in Sources */ = {isa = PBXBuildFile; fileRef = 71C218AA1E7060A100463335 /* GLHelpers.m */; };
		71C218C11E7062D200463335 /* AudioToolbox.framework in Frameworks */ = {isa = PBXBuildFile; fileRef = 71C218C01E7062D200463335 /* AudioToolbox.framework */; };
		71C218C31E7062DA00463335 /* CoreMotion.framework in Frameworks */ = {isa = PBXBuildFile; fileRef = 71C218C21E7062DA00463335 /* CoreMotion.framework */; };
		71C218C51E7062E300463335 /* GLKit.framework in Frameworks */ = {isa = PBXBuildFile; fileRef = 71C218C41E7062E300463335 /* GLKit.framework */; };
/* End PBXBuildFile section */

/* Begin PBXContainerItemProxy section */
		262564651E6D382800479819 /* PBXContainerItemProxy */ = {
			isa = PBXContainerItemProxy;
			containerPortal = 262564411E6D382800479819 /* Project object */;
			proxyType = 1;
			remoteGlobalIDString = 262564481E6D382800479819;
			remoteInfo = WZZCutFruitGame;
		};
		262564701E6D382800479819 /* PBXContainerItemProxy */ = {
			isa = PBXContainerItemProxy;
			containerPortal = 262564411E6D382800479819 /* Project object */;
			proxyType = 1;
			remoteGlobalIDString = 262564481E6D382800479819;
			remoteInfo = WZZCutFruitGame;
		};
/* End PBXContainerItemProxy section */

/* Begin PBXFileReference section */
		262564491E6D382800479819 /* WZZCutFruitGame.app */ = {isa = PBXFileReference; explicitFileType = wrapper.application; includeInIndex = 0; path = WZZCutFruitGame.app; sourceTree = BUILT_PRODUCTS_DIR; };
		2625644D1E6D382800479819 /* main.m */ = {isa = PBXFileReference; lastKnownFileType = sourcecode.c.objc; path = main.m; sourceTree = "<group>"; };
		2625644F1E6D382800479819 /* AppDelegate.h */ = {isa = PBXFileReference; lastKnownFileType = sourcecode.c.h; path = AppDelegate.h; sourceTree = "<group>"; };
		262564501E6D382800479819 /* AppDelegate.m */ = {isa = PBXFileReference; lastKnownFileType = sourcecode.c.objc; path = AppDelegate.m; sourceTree = "<group>"; };
		262564541E6D382800479819 /* GameViewController.h */ = {isa = PBXFileReference; lastKnownFileType = sourcecode.c.h; path = GameViewController.h; sourceTree = "<group>"; };
		262564551E6D382800479819 /* GameViewController.m */ = {isa = PBXFileReference; lastKnownFileType = sourcecode.c.objc; path = GameViewController.m; sourceTree = "<group>"; };
		2625645A1E6D382800479819 /* Assets.xcassets */ = {isa = PBXFileReference; lastKnownFileType = folder.assetcatalog; path = Assets.xcassets; sourceTree = "<group>"; };
		2625645D1E6D382800479819 /* Base */ = {isa = PBXFileReference; lastKnownFileType = file.storyboard; name = Base; path = Base.lproj/LaunchScreen.storyboard; sourceTree = "<group>"; };
		2625645F1E6D382800479819 /* Info.plist */ = {isa = PBXFileReference; lastKnownFileType = text.plist.xml; path = Info.plist; sourceTree = "<group>"; };
		262564641E6D382800479819 /* WZZCutFruitGameTests.xctest */ = {isa = PBXFileReference; explicitFileType = wrapper.cfbundle; includeInIndex = 0; path = WZZCutFruitGameTests.xctest; sourceTree = BUILT_PRODUCTS_DIR; };
		262564681E6D382800479819 /* WZZCutFruitGameTests.m */ = {isa = PBXFileReference; lastKnownFileType = sourcecode.c.objc; path = WZZCutFruitGameTests.m; sourceTree = "<group>"; };
		2625646A1E6D382800479819 /* Info.plist */ = {isa = PBXFileReference; lastKnownFileType = text.plist.xml; path = Info.plist; sourceTree = "<group>"; };
		2625646F1E6D382800479819 /* WZZCutFruitGameUITests.xctest */ = {isa = PBXFileReference; explicitFileType = wrapper.cfbundle; includeInIndex = 0; path = WZZCutFruitGameUITests.xctest; sourceTree = BUILT_PRODUCTS_DIR; };
		262564731E6D382800479819 /* WZZCutFruitGameUITests.m */ = {isa = PBXFileReference; lastKnownFileType = sourcecode.c.objc; path = WZZCutFruitGameUITests.m; sourceTree = "<group>"; };
		262564751E6D382800479819 /* Info.plist */ = {isa = PBXFileReference; lastKnownFileType = text.plist.xml; path = Info.plist; sourceTree = "<group>"; };
		26E4FDE71E6E7380009867DC /* WZZRandomShape.h */ = {isa = PBXFileReference; fileEncoding = 4; lastKnownFileType = sourcecode.c.h; path = WZZRandomShape.h; sourceTree = "<group>"; };
		26E4FDE81E6E7380009867DC /* WZZRandomShape.m */ = {isa = PBXFileReference; fileEncoding = 4; lastKnownFileType = sourcecode.c.objc; path = WZZRandomShape.m; sourceTree = "<group>"; };
		26E4FDEA1E6EA59E009867DC /* WZZGameHelper.h */ = {isa = PBXFileReference; fileEncoding = 4; lastKnownFileType = sourcecode.c.h; path = WZZGameHelper.h; sourceTree = "<group>"; };
		26E4FDEB1E6EA59E009867DC /* WZZGameHelper.m */ = {isa = PBXFileReference; fileEncoding = 4; lastKnownFileType = sourcecode.c.objc; path = WZZGameHelper.m; sourceTree = "<group>"; };
		26E4FDED1E6EAE1E009867DC /* GeometryFighter.scnassets */ = {isa = PBXFileReference; lastKnownFileType = wrapper.scnassets; path = GeometryFighter.scnassets; sourceTree = "<group>"; };
		71C2187E1E7060A100463335 /* CardboardDeviceParams.h */ = {isa = PBXFileReference; fileEncoding = 4; lastKnownFileType = sourcecode.c.h; path = CardboardDeviceParams.h; sourceTree = "<group>"; };
		71C2187F1E7060A100463335 /* CardboardDeviceParams.mm */ = {isa = PBXFileReference; fileEncoding = 4; lastKnownFileType = sourcecode.cpp.objcpp; path = CardboardDeviceParams.mm; sourceTree = "<group>"; };
		71C218801E7060A100463335 /* CardboardUnity.h */ = {isa = PBXFileReference; fileEncoding = 4; lastKnownFileType = sourcecode.c.h; path = CardboardUnity.h; sourceTree = "<group>"; };
		71C218811E7060A100463335 /* CardboardUnity.mm */ = {isa = PBXFileReference; fileEncoding = 4; lastKnownFileType = sourcecode.cpp.objcpp; path = CardboardUnity.mm; sourceTree = "<group>"; };
		71C218821E7060A100463335 /* Distortion.h */ = {isa = PBXFileReference; fileEncoding = 4; lastKnownFileType = sourcecode.c.h; path = Distortion.h; sourceTree = "<group>"; };
		71C218831E7060A100463335 /* Distortion.mm */ = {isa = PBXFileReference; fileEncoding = 4; lastKnownFileType = sourcecode.cpp.objcpp; path = Distortion.mm; sourceTree = "<group>"; };
		71C218841E7060A100463335 /* DistortionRenderer.h */ = {isa = PBXFileReference; fileEncoding = 4; lastKnownFileType = sourcecode.c.h; path = DistortionRenderer.h; sourceTree = "<group>"; };
		71C218851E7060A100463335 /* DistortionRenderer.mm */ = {isa = PBXFileReference; fileEncoding = 4; lastKnownFileType = sourcecode.cpp.objcpp; path = DistortionRenderer.mm; sourceTree = "<group>"; };
		71C218861E7060A100463335 /* Eye.h */ = {isa = PBXFileReference; fileEncoding = 4; lastKnownFileType = sourcecode.c.h; path = Eye.h; sourceTree = "<group>"; };
		71C218871E7060A100463335 /* Eye.mm */ = {isa = PBXFileReference; fileEncoding = 4; lastKnownFileType = sourcecode.cpp.objcpp; path = Eye.mm; sourceTree = "<group>"; };
		71C218881E7060A100463335 /* FieldOfView.h */ = {isa = PBXFileReference; fileEncoding = 4; lastKnownFileType = sourcecode.c.h; path = FieldOfView.h; sourceTree = "<group>"; };
		71C218891E7060A100463335 /* FieldOfView.mm */ = {isa = PBXFileReference; fileEncoding = 4; lastKnownFileType = sourcecode.cpp.objcpp; path = FieldOfView.mm; sourceTree = "<group>"; };
		71C2188A1E7060A100463335 /* GLStateBackup.h */ = {isa = PBXFileReference; fileEncoding = 4; lastKnownFileType = sourcecode.c.h; path = GLStateBackup.h; sourceTree = "<group>"; };
		71C2188B1E7060A100463335 /* GLStateBackup.mm */ = {isa = PBXFileReference; fileEncoding = 4; lastKnownFileType = sourcecode.cpp.objcpp; path = GLStateBackup.mm; sourceTree = "<group>"; };
		71C2188C1E7060A100463335 /* HeadMountedDisplay.h */ = {isa = PBXFileReference; fileEncoding = 4; lastKnownFileType = sourcecode.c.h; path = HeadMountedDisplay.h; sourceTree = "<group>"; };
		71C2188D1E7060A100463335 /* HeadMountedDisplay.mm */ = {isa = PBXFileReference; fileEncoding = 4; lastKnownFileType = sourcecode.cpp.objcpp; path = HeadMountedDisplay.mm; sourceTree = "<group>"; };
		71C2188E1E7060A100463335 /* HeadTransform.h */ = {isa = PBXFileReference; fileEncoding = 4; lastKnownFileType = sourcecode.c.h; path = HeadTransform.h; sourceTree = "<group>"; };
		71C2188F1E7060A100463335 /* HeadTransform.mm */ = {isa = PBXFileReference; fileEncoding = 4; lastKnownFileType = sourcecode.cpp.objcpp; path = HeadTransform.mm; sourceTree = "<group>"; };
		71C218901E7060A100463335 /* ScreenParams.h */ = {isa = PBXFileReference; fileEncoding = 4; lastKnownFileType = sourcecode.c.h; path = ScreenParams.h; sourceTree = "<group>"; };
		71C218911E7060A100463335 /* ScreenParams.mm */ = {isa = PBXFileReference; fileEncoding = 4; lastKnownFileType = sourcecode.cpp.objcpp; path = ScreenParams.mm; sourceTree = "<group>"; };
		71C218931E7060A100463335 /* HeadTracker.h */ = {isa = PBXFileReference; fileEncoding = 4; lastKnownFileType = sourcecode.c.h; path = HeadTracker.h; sourceTree = "<group>"; };
		71C218941E7060A100463335 /* HeadTracker.mm */ = {isa = PBXFileReference; fileEncoding = 4; lastKnownFileType = sourcecode.cpp.objcpp; path = HeadTracker.mm; sourceTree = "<group>"; };
		71C218961E7060A100463335 /* Matrix3x3d.h */ = {isa = PBXFileReference; fileEncoding = 4; lastKnownFileType = sourcecode.c.h; path = Matrix3x3d.h; sourceTree = "<group>"; };
		71C218971E7060A100463335 /* Matrix3x3d.mm */ = {isa = PBXFileReference; fileEncoding = 4; lastKnownFileType = sourcecode.cpp.objcpp; path = Matrix3x3d.mm; sourceTree = "<group>"; };
		71C218981E7060A100463335 /* OrientationEKF.h */ = {isa = PBXFileReference; fileEncoding = 4; lastKnownFileType = sourcecode.c.h; path = OrientationEKF.h; sourceTree = "<group>"; };
		71C218991E7060A100463335 /* OrientationEKF.mm */ = {isa = PBXFileReference; fileEncoding = 4; lastKnownFileType = sourcecode.cpp.objcpp; path = OrientationEKF.mm; sourceTree = "<group>"; };
		71C2189A1E7060A100463335 /* SO3Util.h */ = {isa = PBXFileReference; fileEncoding = 4; lastKnownFileType = sourcecode.c.h; path = SO3Util.h; sourceTree = "<group>"; };
		71C2189B1E7060A100463335 /* SO3Util.mm */ = {isa = PBXFileReference; fileEncoding = 4; lastKnownFileType = sourcecode.cpp.objcpp; path = SO3Util.mm; sourceTree = "<group>"; };
		71C2189C1E7060A100463335 /* Vector3d.h */ = {isa = PBXFileReference; fileEncoding = 4; lastKnownFileType = sourcecode.c.h; path = Vector3d.h; sourceTree = "<group>"; };
		71C2189D1E7060A100463335 /* Vector3d.mm */ = {isa = PBXFileReference; fileEncoding = 4; lastKnownFileType = sourcecode.cpp.objcpp; path = Vector3d.mm; sourceTree = "<group>"; };
		71C2189E1E7060A100463335 /* MagnetSensor.h */ = {isa = PBXFileReference; fileEncoding = 4; lastKnownFileType = sourcecode.c.h; path = MagnetSensor.h; sourceTree = "<group>"; };
		71C2189F1E7060A100463335 /* MagnetSensor.mm */ = {isa = PBXFileReference; fileEncoding = 4; lastKnownFileType = sourcecode.cpp.objcpp; path = MagnetSensor.mm; sourceTree = "<group>"; };
		71C218A01E7060A100463335 /* Viewport.h */ = {isa = PBXFileReference; fileEncoding = 4; lastKnownFileType = sourcecode.c.h; path = Viewport.h; sourceTree = "<group>"; };
		71C218A11E7060A100463335 /* Viewport.mm */ = {isa = PBXFileReference; fileEncoding = 4; lastKnownFileType = sourcecode.cpp.objcpp; path = Viewport.mm; sourceTree = "<group>"; };
		71C218A21E7060A100463335 /* CardboardSDK.h */ = {isa = PBXFileReference; fileEncoding = 4; lastKnownFileType = sourcecode.c.h; path = CardboardSDK.h; sourceTree = "<group>"; };
		71C218A31E7060A100463335 /* CBDStereoGLView.h */ = {isa = PBXFileReference; fileEncoding = 4; lastKnownFileType = sourcecode.c.h; path = CBDStereoGLView.h; sourceTree = "<group>"; };
		71C218A41E7060A100463335 /* CBDStereoGLView.m */ = {isa = PBXFileReference; fileEncoding = 4; lastKnownFileType = sourcecode.c.objc; path = CBDStereoGLView.m; sourceTree = "<group>"; };
		71C218A51E7060A100463335 /* CBDViewController.h */ = {isa = PBXFileReference; fileEncoding = 4; lastKnownFileType = sourcecode.c.h; path = CBDViewController.h; sourceTree = "<group>"; };
		71C218A61E7060A100463335 /* CBDViewController.mm */ = {isa = PBXFileReference; fileEncoding = 4; lastKnownFileType = sourcecode.cpp.objcpp; path = CBDViewController.mm; sourceTree = "<group>"; };
		71C218A81E7060A100463335 /* DebugUtils.h */ = {isa = PBXFileReference; fileEncoding = 4; lastKnownFileType = sourcecode.c.h; path = DebugUtils.h; sourceTree = "<group>"; };
		71C218A91E7060A100463335 /* GLHelpers.h */ = {isa = PBXFileReference; fileEncoding = 4; lastKnownFileType = sourcecode.c.h; path = GLHelpers.h; sourceTree = "<group>"; };
		71C218AA1E7060A100463335 /* GLHelpers.m */ = {isa = PBXFileReference; fileEncoding = 4; lastKnownFileType = sourcecode.c.objc; path = GLHelpers.m; sourceTree = "<group>"; };
		71C218C01E7062D200463335 /* AudioToolbox.framework */ = {isa = PBXFileReference; lastKnownFileType = wrapper.framework; name = AudioToolbox.framework; path = System/Library/Frameworks/AudioToolbox.framework; sourceTree = SDKROOT; };
		71C218C21E7062DA00463335 /* CoreMotion.framework */ = {isa = PBXFileReference; lastKnownFileType = wrapper.framework; name = CoreMotion.framework; path = System/Library/Frameworks/CoreMotion.framework; sourceTree = SDKROOT; };
		71C218C41E7062E300463335 /* GLKit.framework */ = {isa = PBXFileReference; lastKnownFileType = wrapper.framework; name = GLKit.framework; path = System/Library/Frameworks/GLKit.framework; sourceTree = SDKROOT; };
/* End PBXFileReference section */

/* Begin PBXFrameworksBuildPhase section */
		262564461E6D382800479819 /* Frameworks */ = {
			isa = PBXFrameworksBuildPhase;
			buildActionMask = 2147483647;
			files = (
				71C218C51E7062E300463335 /* GLKit.framework in Frameworks */,
				71C218C31E7062DA00463335 /* CoreMotion.framework in Frameworks */,
				71C218C11E7062D200463335 /* AudioToolbox.framework in Frameworks */,
			);
			runOnlyForDeploymentPostprocessing = 0;
		};
		262564611E6D382800479819 /* Frameworks */ = {
			isa = PBXFrameworksBuildPhase;
			buildActionMask = 2147483647;
			files = (
			);
			runOnlyForDeploymentPostprocessing = 0;
		};
		2625646C1E6D382800479819 /* Frameworks */ = {
			isa = PBXFrameworksBuildPhase;
			buildActionMask = 2147483647;
			files = (
			);
			runOnlyForDeploymentPostprocessing = 0;
		};
/* End PBXFrameworksBuildPhase section */

/* Begin PBXGroup section */
		262564401E6D382800479819 = {
			isa = PBXGroup;
			children = (
				71C2187C1E7060A100463335 /* CardboardSDK */,
				2625644B1E6D382800479819 /* WZZCutFruitGame */,
				262564671E6D382800479819 /* WZZCutFruitGameTests */,
				262564721E6D382800479819 /* WZZCutFruitGameUITests */,
				2625644A1E6D382800479819 /* Products */,
				71C218BF1E7062D200463335 /* Frameworks */,
			);
			sourceTree = "<group>";
		};
		2625644A1E6D382800479819 /* Products */ = {
			isa = PBXGroup;
			children = (
				262564491E6D382800479819 /* WZZCutFruitGame.app */,
				262564641E6D382800479819 /* WZZCutFruitGameTests.xctest */,
				2625646F1E6D382800479819 /* WZZCutFruitGameUITests.xctest */,
			);
			name = Products;
			sourceTree = "<group>";
		};
		2625644B1E6D382800479819 /* WZZCutFruitGame */ = {
			isa = PBXGroup;
			children = (
				2625644F1E6D382800479819 /* AppDelegate.h */,
				262564501E6D382800479819 /* AppDelegate.m */,
				262564541E6D382800479819 /* GameViewController.h */,
				262564551E6D382800479819 /* GameViewController.m */,
				26E4FDE71E6E7380009867DC /* WZZRandomShape.h */,
				26E4FDE81E6E7380009867DC /* WZZRandomShape.m */,
				26E4FDEA1E6EA59E009867DC /* WZZGameHelper.h */,
				26E4FDEB1E6EA59E009867DC /* WZZGameHelper.m */,
				26E4FDED1E6EAE1E009867DC /* GeometryFighter.scnassets */,
				2625645A1E6D382800479819 /* Assets.xcassets */,
				2625645C1E6D382800479819 /* LaunchScreen.storyboard */,
				2625645F1E6D382800479819 /* Info.plist */,
				2625644C1E6D382800479819 /* Supporting Files */,
			);
			path = WZZCutFruitGame;
			sourceTree = "<group>";
		};
		2625644C1E6D382800479819 /* Supporting Files */ = {
			isa = PBXGroup;
			children = (
				2625644D1E6D382800479819 /* main.m */,
			);
			name = "Supporting Files";
			sourceTree = "<group>";
		};
		262564671E6D382800479819 /* WZZCutFruitGameTests */ = {
			isa = PBXGroup;
			children = (
				262564681E6D382800479819 /* WZZCutFruitGameTests.m */,
				2625646A1E6D382800479819 /* Info.plist */,
			);
			path = WZZCutFruitGameTests;
			sourceTree = "<group>";
		};
		262564721E6D382800479819 /* WZZCutFruitGameUITests */ = {
			isa = PBXGroup;
			children = (
				262564731E6D382800479819 /* WZZCutFruitGameUITests.m */,
				262564751E6D382800479819 /* Info.plist */,
			);
			path = WZZCutFruitGameUITests;
			sourceTree = "<group>";
		};
		71C2187C1E7060A100463335 /* CardboardSDK */ = {
			isa = PBXGroup;
			children = (
				71C2187D1E7060A100463335 /* Cardboard */,
				71C218A21E7060A100463335 /* CardboardSDK.h */,
				71C218A31E7060A100463335 /* CBDStereoGLView.h */,
				71C218A41E7060A100463335 /* CBDStereoGLView.m */,
				71C218A51E7060A100463335 /* CBDViewController.h */,
				71C218A61E7060A100463335 /* CBDViewController.mm */,
				71C218A71E7060A100463335 /* Misc */,
			);
			path = CardboardSDK;
			sourceTree = "<group>";
		};
		71C2187D1E7060A100463335 /* Cardboard */ = {
			isa = PBXGroup;
			children = (
				71C2187E1E7060A100463335 /* CardboardDeviceParams.h */,
				71C2187F1E7060A100463335 /* CardboardDeviceParams.mm */,
				71C218801E7060A100463335 /* CardboardUnity.h */,
				71C218811E7060A100463335 /* CardboardUnity.mm */,
				71C218821E7060A100463335 /* Distortion.h */,
				71C218831E7060A100463335 /* Distortion.mm */,
				71C218841E7060A100463335 /* DistortionRenderer.h */,
				71C218851E7060A100463335 /* DistortionRenderer.mm */,
				71C218861E7060A100463335 /* Eye.h */,
				71C218871E7060A100463335 /* Eye.mm */,
				71C218881E7060A100463335 /* FieldOfView.h */,
				71C218891E7060A100463335 /* FieldOfView.mm */,
				71C2188A1E7060A100463335 /* GLStateBackup.h */,
				71C2188B1E7060A100463335 /* GLStateBackup.mm */,
				71C2188C1E7060A100463335 /* HeadMountedDisplay.h */,
				71C2188D1E7060A100463335 /* HeadMountedDisplay.mm */,
				71C2188E1E7060A100463335 /* HeadTransform.h */,
				71C2188F1E7060A100463335 /* HeadTransform.mm */,
				71C218901E7060A100463335 /* ScreenParams.h */,
				71C218911E7060A100463335 /* ScreenParams.mm */,
				71C218921E7060A100463335 /* Sensors */,
				71C218A01E7060A100463335 /* Viewport.h */,
				71C218A11E7060A100463335 /* Viewport.mm */,
			);
			path = Cardboard;
			sourceTree = "<group>";
		};
		71C218921E7060A100463335 /* Sensors */ = {
			isa = PBXGroup;
			children = (
				71C218931E7060A100463335 /* HeadTracker.h */,
				71C218941E7060A100463335 /* HeadTracker.mm */,
				71C218951E7060A100463335 /* Internal */,
				71C2189E1E7060A100463335 /* MagnetSensor.h */,
				71C2189F1E7060A100463335 /* MagnetSensor.mm */,
			);
			path = Sensors;
			sourceTree = "<group>";
		};
		71C218951E7060A100463335 /* Internal */ = {
			isa = PBXGroup;
			children = (
				71C218961E7060A100463335 /* Matrix3x3d.h */,
				71C218971E7060A100463335 /* Matrix3x3d.mm */,
				71C218981E7060A100463335 /* OrientationEKF.h */,
				71C218991E7060A100463335 /* OrientationEKF.mm */,
				71C2189A1E7060A100463335 /* SO3Util.h */,
				71C2189B1E7060A100463335 /* SO3Util.mm */,
				71C2189C1E7060A100463335 /* Vector3d.h */,
				71C2189D1E7060A100463335 /* Vector3d.mm */,
			);
			path = Internal;
			sourceTree = "<group>";
		};
		71C218A71E7060A100463335 /* Misc */ = {
			isa = PBXGroup;
			children = (
				71C218A81E7060A100463335 /* DebugUtils.h */,
				71C218A91E7060A100463335 /* GLHelpers.h */,
				71C218AA1E7060A100463335 /* GLHelpers.m */,
			);
			path = Misc;
			sourceTree = "<group>";
		};
		71C218BF1E7062D200463335 /* Frameworks */ = {
			isa = PBXGroup;
			children = (
				71C218C41E7062E300463335 /* GLKit.framework */,
				71C218C21E7062DA00463335 /* CoreMotion.framework */,
				71C218C01E7062D200463335 /* AudioToolbox.framework */,
			);
			name = Frameworks;
			sourceTree = "<group>";
		};
/* End PBXGroup section */

/* Begin PBXNativeTarget section */
		262564481E6D382800479819 /* WZZCutFruitGame */ = {
			isa = PBXNativeTarget;
			buildConfigurationList = 262564781E6D382800479819 /* Build configuration list for PBXNativeTarget "WZZCutFruitGame" */;
			buildPhases = (
				262564451E6D382800479819 /* Sources */,
				262564461E6D382800479819 /* Frameworks */,
				262564471E6D382800479819 /* Resources */,
			);
			buildRules = (
			);
			dependencies = (
			);
			name = WZZCutFruitGame;
			productName = WZZCutFruitGame;
			productReference = 262564491E6D382800479819 /* WZZCutFruitGame.app */;
			productType = "com.apple.product-type.application";
		};
		262564631E6D382800479819 /* WZZCutFruitGameTests */ = {
			isa = PBXNativeTarget;
			buildConfigurationList = 2625647B1E6D382800479819 /* Build configuration list for PBXNativeTarget "WZZCutFruitGameTests" */;
			buildPhases = (
				262564601E6D382800479819 /* Sources */,
				262564611E6D382800479819 /* Frameworks */,
				262564621E6D382800479819 /* Resources */,
			);
			buildRules = (
			);
			dependencies = (
				262564661E6D382800479819 /* PBXTargetDependency */,
			);
			name = WZZCutFruitGameTests;
			productName = WZZCutFruitGameTests;
			productReference = 262564641E6D382800479819 /* WZZCutFruitGameTests.xctest */;
			productType = "com.apple.product-type.bundle.unit-test";
		};
		2625646E1E6D382800479819 /* WZZCutFruitGameUITests */ = {
			isa = PBXNativeTarget;
			buildConfigurationList = 2625647E1E6D382800479819 /* Build configuration list for PBXNativeTarget "WZZCutFruitGameUITests" */;
			buildPhases = (
				2625646B1E6D382800479819 /* Sources */,
				2625646C1E6D382800479819 /* Frameworks */,
				2625646D1E6D382800479819 /* Resources */,
			);
			buildRules = (
			);
			dependencies = (
				262564711E6D382800479819 /* PBXTargetDependency */,
			);
			name = WZZCutFruitGameUITests;
			productName = WZZCutFruitGameUITests;
			productReference = 2625646F1E6D382800479819 /* WZZCutFruitGameUITests.xctest */;
			productType = "com.apple.product-type.bundle.ui-testing";
		};
/* End PBXNativeTarget section */

/* Begin PBXProject section */
		262564411E6D382800479819 /* Project object */ = {
			isa = PBXProject;
			attributes = {
				LastUpgradeCheck = 0820;
				ORGANIZATIONNAME = wzz;
				TargetAttributes = {
					262564481E6D382800479819 = {
						CreatedOnToolsVersion = 8.2.1;
						DevelopmentTeam = GMLKLDG682;
						ProvisioningStyle = Automatic;
					};
					262564631E6D382800479819 = {
						CreatedOnToolsVersion = 8.2.1;
						ProvisioningStyle = Automatic;
						TestTargetID = 262564481E6D382800479819;
					};
					2625646E1E6D382800479819 = {
						CreatedOnToolsVersion = 8.2.1;
						ProvisioningStyle = Automatic;
						TestTargetID = 262564481E6D382800479819;
					};
				};
			};
			buildConfigurationList = 262564441E6D382800479819 /* Build configuration list for PBXProject "WZZCutFruitGame" */;
			compatibilityVersion = "Xcode 3.2";
			developmentRegion = English;
			hasScannedForEncodings = 0;
			knownRegions = (
				en,
				Base,
			);
			mainGroup = 262564401E6D382800479819;
			productRefGroup = 2625644A1E6D382800479819 /* Products */;
			projectDirPath = "";
			projectRoot = "";
			targets = (
				262564481E6D382800479819 /* WZZCutFruitGame */,
				262564631E6D382800479819 /* WZZCutFruitGameTests */,
				2625646E1E6D382800479819 /* WZZCutFruitGameUITests */,
			);
		};
/* End PBXProject section */

/* Begin PBXResourcesBuildPhase section */
		262564471E6D382800479819 /* Resources */ = {
			isa = PBXResourcesBuildPhase;
			buildActionMask = 2147483647;
			files = (
				2625645E1E6D382800479819 /* LaunchScreen.storyboard in Resources */,
				2625645B1E6D382800479819 /* Assets.xcassets in Resources */,
				26E4FDEE1E6EAE1E009867DC /* GeometryFighter.scnassets in Resources */,
			);
			runOnlyForDeploymentPostprocessing = 0;
		};
		262564621E6D382800479819 /* Resources */ = {
			isa = PBXResourcesBuildPhase;
			buildActionMask = 2147483647;
			files = (
			);
			runOnlyForDeploymentPostprocessing = 0;
		};
		2625646D1E6D382800479819 /* Resources */ = {
			isa = PBXResourcesBuildPhase;
			buildActionMask = 2147483647;
			files = (
			);
			runOnlyForDeploymentPostprocessing = 0;
		};
/* End PBXResourcesBuildPhase section */

/* Begin PBXSourcesBuildPhase section */
		262564451E6D382800479819 /* Sources */ = {
			isa = PBXSourcesBuildPhase;
			buildActionMask = 2147483647;
			files = (
				26E4FDE91E6E7380009867DC /* WZZRandomShape.m in Sources */,
				71C218B71E7060A100463335 /* OrientationEKF.mm in Sources */,
				262564511E6D382800479819 /* AppDelegate.m in Sources */,
				71C218B11E7060A100463335 /* GLStateBackup.mm in Sources */,
				71C218BD1E7060A100463335 /* CBDViewController.mm in Sources */,
				71C218AB1E7060A100463335 /* CardboardDeviceParams.mm in Sources */,
				71C218B91E7060A100463335 /* Vector3d.mm in Sources */,
				71C218B51E7060A100463335 /* HeadTracker.mm in Sources */,
				71C218BB1E7060A100463335 /* Viewport.mm in Sources */,
				71C218B61E7060A100463335 /* Matrix3x3d.mm in Sources */,
				71C218BA1E7060A100463335 /* MagnetSensor.mm in Sources */,
				262564561E6D382800479819 /* GameViewController.m in Sources */,
				71C218AE1E7060A100463335 /* DistortionRenderer.mm in Sources */,
				71C218AF1E7060A100463335 /* Eye.mm in Sources */,
				71C218B81E7060A100463335 /* SO3Util.mm in Sources */,
				71C218B41E7060A100463335 /* ScreenParams.mm in Sources */,
				71C218AD1E7060A100463335 /* Distortion.mm in Sources */,
				71C218BE1E7060A100463335 /* GLHelpers.m in Sources */,
				26E4FDEC1E6EA59E009867DC /* WZZGameHelper.m in Sources */,
				71C218AC1E7060A100463335 /* CardboardUnity.mm in Sources */,
				71C218BC1E7060A100463335 /* CBDStereoGLView.m in Sources */,
				71C218B01E7060A100463335 /* FieldOfView.mm in Sources */,
				71C218B21E7060A100463335 /* HeadMountedDisplay.mm in Sources */,
				71C218B31E7060A100463335 /* HeadTransform.mm in Sources */,
				2625644E1E6D382800479819 /* main.m in Sources */,
			);
			runOnlyForDeploymentPostprocessing = 0;
		};
		262564601E6D382800479819 /* Sources */ = {
			isa = PBXSourcesBuildPhase;
			buildActionMask = 2147483647;
			files = (
				262564691E6D382800479819 /* WZZCutFruitGameTests.m in Sources */,
			);
			runOnlyForDeploymentPostprocessing = 0;
		};
		2625646B1E6D382800479819 /* Sources */ = {
			isa = PBXSourcesBuildPhase;
			buildActionMask = 2147483647;
			files = (
				262564741E6D382800479819 /* WZZCutFruitGameUITests.m in Sources */,
			);
			runOnlyForDeploymentPostprocessing = 0;
		};
/* End PBXSourcesBuildPhase section */

/* Begin PBXTargetDependency section */
		262564661E6D382800479819 /* PBXTargetDependency */ = {
			isa = PBXTargetDependency;
			target = 262564481E6D382800479819 /* WZZCutFruitGame */;
			targetProxy = 262564651E6D382800479819 /* PBXContainerItemProxy */;
		};
		262564711E6D382800479819 /* PBXTargetDependency */ = {
			isa = PBXTargetDependency;
			target = 262564481E6D382800479819 /* WZZCutFruitGame */;
			targetProxy = 262564701E6D382800479819 /* PBXContainerItemProxy */;
		};
/* End PBXTargetDependency section */

/* Begin PBXVariantGroup section */
		2625645C1E6D382800479819 /* LaunchScreen.storyboard */ = {
			isa = PBXVariantGroup;
			children = (
				2625645D1E6D382800479819 /* Base */,
			);
			name = LaunchScreen.storyboard;
			sourceTree = "<group>";
		};
/* End PBXVariantGroup section */

/* Begin XCBuildConfiguration section */
		262564761E6D382800479819 /* Debug */ = {
			isa = XCBuildConfiguration;
			buildSettings = {
				ALWAYS_SEARCH_USER_PATHS = NO;
				CLANG_ANALYZER_NONNULL = YES;
				CLANG_CXX_LANGUAGE_STANDARD = "gnu++0x";
				CLANG_CXX_LIBRARY = "libc++";
				CLANG_ENABLE_MODULES = YES;
				CLANG_ENABLE_OBJC_ARC = YES;
				CLANG_WARN_BOOL_CONVERSION = YES;
				CLANG_WARN_CONSTANT_CONVERSION = YES;
				CLANG_WARN_DIRECT_OBJC_ISA_USAGE = YES_ERROR;
				CLANG_WARN_DOCUMENTATION_COMMENTS = YES;
				CLANG_WARN_EMPTY_BODY = YES;
				CLANG_WARN_ENUM_CONVERSION = YES;
				CLANG_WARN_INFINITE_RECURSION = YES;
				CLANG_WARN_INT_CONVERSION = YES;
				CLANG_WARN_OBJC_ROOT_CLASS = YES_ERROR;
				CLANG_WARN_SUSPICIOUS_MOVE = YES;
				CLANG_WARN_UNREACHABLE_CODE = YES;
				CLANG_WARN__DUPLICATE_METHOD_MATCH = YES;
				"CODE_SIGN_IDENTITY[sdk=iphoneos*]" = "iPhone Developer";
				COPY_PHASE_STRIP = NO;
				DEBUG_INFORMATION_FORMAT = dwarf;
				ENABLE_STRICT_OBJC_MSGSEND = YES;
				ENABLE_TESTABILITY = YES;
				GCC_C_LANGUAGE_STANDARD = gnu99;
				GCC_DYNAMIC_NO_PIC = NO;
				GCC_NO_COMMON_BLOCKS = YES;
				GCC_OPTIMIZATION_LEVEL = 0;
				GCC_PREPROCESSOR_DEFINITIONS = (
					"DEBUG=1",
					"$(inherited)",
				);
				GCC_WARN_64_TO_32_BIT_CONVERSION = YES;
				GCC_WARN_ABOUT_RETURN_TYPE = YES_ERROR;
				GCC_WARN_UNDECLARED_SELECTOR = YES;
				GCC_WARN_UNINITIALIZED_AUTOS = YES_AGGRESSIVE;
				GCC_WARN_UNUSED_FUNCTION = YES;
				GCC_WARN_UNUSED_VARIABLE = YES;
				IPHONEOS_DEPLOYMENT_TARGET = 10.2;
				MTL_ENABLE_DEBUG_INFO = YES;
				ONLY_ACTIVE_ARCH = YES;
				SDKROOT = iphoneos;
				TARGETED_DEVICE_FAMILY = "1,2";
			};
			name = Debug;
		};
		262564771E6D382800479819 /* Release */ = {
			isa = XCBuildConfiguration;
			buildSettings = {
				ALWAYS_SEARCH_USER_PATHS = NO;
				CLANG_ANALYZER_NONNULL = YES;
				CLANG_CXX_LANGUAGE_STANDARD = "gnu++0x";
				CLANG_CXX_LIBRARY = "libc++";
				CLANG_ENABLE_MODULES = YES;
				CLANG_ENABLE_OBJC_ARC = YES;
				CLANG_WARN_BOOL_CONVERSION = YES;
				CLANG_WARN_CONSTANT_CONVERSION = YES;
				CLANG_WARN_DIRECT_OBJC_ISA_USAGE = YES_ERROR;
				CLANG_WARN_DOCUMENTATION_COMMENTS = YES;
				CLANG_WARN_EMPTY_BODY = YES;
				CLANG_WARN_ENUM_CONVERSION = YES;
				CLANG_WARN_INFINITE_RECURSION = YES;
				CLANG_WARN_INT_CONVERSION = YES;
				CLANG_WARN_OBJC_ROOT_CLASS = YES_ERROR;
				CLANG_WARN_SUSPICIOUS_MOVE = YES;
				CLANG_WARN_UNREACHABLE_CODE = YES;
				CLANG_WARN__DUPLICATE_METHOD_MATCH = YES;
				"CODE_SIGN_IDENTITY[sdk=iphoneos*]" = "iPhone Developer";
				COPY_PHASE_STRIP = NO;
				DEBUG_INFORMATION_FORMAT = "dwarf-with-dsym";
				ENABLE_NS_ASSERTIONS = NO;
				ENABLE_STRICT_OBJC_MSGSEND = YES;
				GCC_C_LANGUAGE_STANDARD = gnu99;
				GCC_NO_COMMON_BLOCKS = YES;
				GCC_WARN_64_TO_32_BIT_CONVERSION = YES;
				GCC_WARN_ABOUT_RETURN_TYPE = YES_ERROR;
				GCC_WARN_UNDECLARED_SELECTOR = YES;
				GCC_WARN_UNINITIALIZED_AUTOS = YES_AGGRESSIVE;
				GCC_WARN_UNUSED_FUNCTION = YES;
				GCC_WARN_UNUSED_VARIABLE = YES;
				IPHONEOS_DEPLOYMENT_TARGET = 10.2;
				MTL_ENABLE_DEBUG_INFO = NO;
				SDKROOT = iphoneos;
				TARGETED_DEVICE_FAMILY = "1,2";
				VALIDATE_PRODUCT = YES;
			};
			name = Release;
		};
		262564791E6D382800479819 /* Debug */ = {
			isa = XCBuildConfiguration;
			buildSettings = {
				ASSETCATALOG_COMPILER_APPICON_NAME = AppIcon;
				"CODE_SIGN_IDENTITY[sdk=iphoneos*]" = "iPhone Developer";
				DEVELOPMENT_TEAM = GMLKLDG682;
				INFOPLIST_FILE = WZZCutFruitGame/Info.plist;
				IPHONEOS_DEPLOYMENT_TARGET = 8.0;
				LD_RUNPATH_SEARCH_PATHS = "$(inherited) @executable_path/Frameworks";
				PRODUCT_BUNDLE_IDENTIFIER = com.wzz.normal;
				PRODUCT_NAME = "$(TARGET_NAME)";
				TARGETED_DEVICE_FAMILY = 1;
			};
			name = Debug;
		};
		2625647A1E6D382800479819 /* Release */ = {
			isa = XCBuildConfiguration;
			buildSettings = {
				ASSETCATALOG_COMPILER_APPICON_NAME = AppIcon;
				"CODE_SIGN_IDENTITY[sdk=iphoneos*]" = "iPhone Developer";
				DEVELOPMENT_TEAM = GMLKLDG682;
				INFOPLIST_FILE = WZZCutFruitGame/Info.plist;
				IPHONEOS_DEPLOYMENT_TARGET = 8.0;
				LD_RUNPATH_SEARCH_PATHS = "$(inherited) @executable_path/Frameworks";
				PRODUCT_BUNDLE_IDENTIFIER = com.wzz.normal;
				PRODUCT_NAME = "$(TARGET_NAME)";
				TARGETED_DEVICE_FAMILY = 1;
			};
			name = Release;
		};
		2625647C1E6D382800479819 /* Debug */ = {
			isa = XCBuildConfiguration;
			buildSettings = {
				BUNDLE_LOADER = "$(TEST_HOST)";
				INFOPLIST_FILE = WZZCutFruitGameTests/Info.plist;
				LD_RUNPATH_SEARCH_PATHS = "$(inherited) @executable_path/Frameworks @loader_path/Frameworks";
				PRODUCT_BUNDLE_IDENTIFIER = com.wzz.WZZCutFruitGameTests;
				PRODUCT_NAME = "$(TARGET_NAME)";
				TEST_HOST = "$(BUILT_PRODUCTS_DIR)/WZZCutFruitGame.app/WZZCutFruitGame";
			};
			name = Debug;
		};
		2625647D1E6D382800479819 /* Release */ = {
			isa = XCBuildConfiguration;
			buildSettings = {
				BUNDLE_LOADER = "$(TEST_HOST)";
				INFOPLIST_FILE = WZZCutFruitGameTests/Info.plist;
				LD_RUNPATH_SEARCH_PATHS = "$(inherited) @executable_path/Frameworks @loader_path/Frameworks";
				PRODUCT_BUNDLE_IDENTIFIER = com.wzz.WZZCutFruitGameTests;
				PRODUCT_NAME = "$(TARGET_NAME)";
				TEST_HOST = "$(BUILT_PRODUCTS_DIR)/WZZCutFruitGame.app/WZZCutFruitGame";
			};
			name = Release;
		};
		2625647F1E6D382800479819 /* Debug */ = {
			isa = XCBuildConfiguration;
			buildSettings = {
				INFOPLIST_FILE = WZZCutFruitGameUITests/Info.plist;
				LD_RUNPATH_SEARCH_PATHS = "$(inherited) @executable_path/Frameworks @loader_path/Frameworks";
				PRODUCT_BUNDLE_IDENTIFIER = com.wzz.WZZCutFruitGameUITests;
				PRODUCT_NAME = "$(TARGET_NAME)";
				TEST_TARGET_NAME = WZZCutFruitGame;
			};
			name = Debug;
		};
		262564801E6D382800479819 /* Release */ = {
			isa = XCBuildConfiguration;
			buildSettings = {
				INFOPLIST_FILE = WZZCutFruitGameUITests/Info.plist;
				LD_RUNPATH_SEARCH_PATHS = "$(inherited) @executable_path/Frameworks @loader_path/Frameworks";
				PRODUCT_BUNDLE_IDENTIFIER = com.wzz.WZZCutFruitGameUITests;
				PRODUCT_NAME = "$(TARGET_NAME)";
				TEST_TARGET_NAME = WZZCutFruitGame;
			};
			name = Release;
		};
/* End XCBuildConfiguration section */

/* Begin XCConfigurationList section */
		262564441E6D382800479819 /* Build configuration list for PBXProject "WZZCutFruitGame" */ = {
			isa = XCConfigurationList;
			buildConfigurations = (
				262564761E6D382800479819 /* Debug */,
				262564771E6D382800479819 /* Release */,
			);
			defaultConfigurationIsVisible = 0;
			defaultConfigurationName = Release;
		};
		262564781E6D382800479819 /* Build configuration list for PBXNativeTarget "WZZCutFruitGame" */ = {
			isa = XCConfigurationList;
			buildConfigurations = (
				262564791E6D382800479819 /* Debug */,
				2625647A1E6D382800479819 /* Release */,
			);
			defaultConfigurationIsVisible = 0;
			defaultConfigurationName = Release;
		};
		2625647B1E6D382800479819 /* Build configuration list for PBXNativeTarget "WZZCutFruitGameTests" */ = {
			isa = XCConfigurationList;
			buildConfigurations = (
				2625647C1E6D382800479819 /* Debug */,
				2625647D1E6D382800479819 /* Release */,
			);
			defaultConfigurationIsVisible = 0;
			defaultConfigurationName = Release;
		};
		2625647E1E6D382800479819 /* Build configuration list for PBXNativeTarget "WZZCutFruitGameUITests" */ = {
			isa = XCConfigurationList;
			buildConfigurations = (
				2625647F1E6D382800479819 /* Debug */,
				262564801E6D382800479819 /* Release */,
			);
			defaultConfigurationIsVisible = 0;
			defaultConfigurationName = Release;
		};
/* End XCConfigurationList section */
	};
	rootObject = 262564411E6D382800479819 /* Project object */;
}
